// !$*UTF8*$!
{
	archiveVersion = 1;
	classes = {
	};
	objectVersion = 50;
	objects = {

/* Begin PBXBuildFile section */
		D8B78FD524E2844700E924D1 /* AppDelegate.m in Sources */ = {isa = PBXBuildFile; fileRef = D8B78FD424E2844700E924D1 /* AppDelegate.m */; };
		D8B78FD824E2844700E924D1 /* SceneDelegate.m in Sources */ = {isa = PBXBuildFile; fileRef = D8B78FD724E2844700E924D1 /* SceneDelegate.m */; };
		D8B78FDB24E2844700E924D1 /* ViewController.m in Sources */ = {isa = PBXBuildFile; fileRef = D8B78FDA24E2844700E924D1 /* ViewController.m */; };
		D8B78FDE24E2844700E924D1 /* Main.storyboard in Resources */ = {isa = PBXBuildFile; fileRef = D8B78FDC24E2844700E924D1 /* Main.storyboard */; };
		D8B78FE024E2844900E924D1 /* Assets.xcassets in Resources */ = {isa = PBXBuildFile; fileRef = D8B78FDF24E2844900E924D1 /* Assets.xcassets */; };
		D8B78FE324E2844900E924D1 /* LaunchScreen.storyboard in Resources */ = {isa = PBXBuildFile; fileRef = D8B78FE124E2844900E924D1 /* LaunchScreen.storyboard */; };
		D8B78FE624E2844900E924D1 /* main.m in Sources */ = {isa = PBXBuildFile; fileRef = D8B78FE524E2844900E924D1 /* main.m */; };
		D8B78FF324E2851400E924D1 /* NSCalendar+JSCCalendar.m in Sources */ = {isa = PBXBuildFile; fileRef = D8B78FED24E2851400E924D1 /* NSCalendar+JSCCalendar.m */; };
		D8B78FF424E2851400E924D1 /* TimeMachineUtil.m in Sources */ = {isa = PBXBuildFile; fileRef = D8B78FF124E2851400E924D1 /* TimeMachineUtil.m */; };
		D8B78FF524E2851400E924D1 /* NSDate+BRAdd.m in Sources */ = {isa = PBXBuildFile; fileRef = D8B78FF224E2851400E924D1 /* NSDate+BRAdd.m */; };
/* End PBXBuildFile section */

/* Begin PBXFileReference section */
		D8B78FD024E2844700E924D1 /* TimeMachineUtil.app */ = {isa = PBXFileReference; explicitFileType = wrapper.application; includeInIndex = 0; path = TimeMachineUtil.app; sourceTree = BUILT_PRODUCTS_DIR; };
		D8B78FD324E2844700E924D1 /* AppDelegate.h */ = {isa = PBXFileReference; lastKnownFileType = sourcecode.c.h; path = AppDelegate.h; sourceTree = "<group>"; };
		D8B78FD424E2844700E924D1 /* AppDelegate.m */ = {isa = PBXFileReference; lastKnownFileType = sourcecode.c.objc; path = AppDelegate.m; sourceTree = "<group>"; };
		D8B78FD624E2844700E924D1 /* SceneDelegate.h */ = {isa = PBXFileReference; lastKnownFileType = sourcecode.c.h; path = SceneDelegate.h; sourceTree = "<group>"; };
		D8B78FD724E2844700E924D1 /* SceneDelegate.m */ = {isa = PBXFileReference; lastKnownFileType = sourcecode.c.objc; path = SceneDelegate.m; sourceTree = "<group>"; };
		D8B78FD924E2844700E924D1 /* ViewController.h */ = {isa = PBXFileReference; lastKnownFileType = sourcecode.c.h; path = ViewController.h; sourceTree = "<group>"; };
		D8B78FDA24E2844700E924D1 /* ViewController.m */ = {isa = PBXFileReference; lastKnownFileType = sourcecode.c.objc; path = ViewController.m; sourceTree = "<group>"; };
		D8B78FDD24E2844700E924D1 /* Base */ = {isa = PBXFileReference; lastKnownFileType = file.storyboard; name = Base; path = Base.lproj/Main.storyboard; sourceTree = "<group>"; };
		D8B78FDF24E2844900E924D1 /* Assets.xcassets */ = {isa = PBXFileReference; lastKnownFileType = folder.assetcatalog; path = Assets.xcassets; sourceTree = "<group>"; };
		D8B78FE224E2844900E924D1 /* Base */ = {isa = PBXFileReference; lastKnownFileType = file.storyboard; name = Base; path = Base.lproj/LaunchScreen.storyboard; sourceTree = "<group>"; };
		D8B78FE424E2844900E924D1 /* Info.plist */ = {isa = PBXFileReference; lastKnownFileType = text.plist.xml; path = Info.plist; sourceTree = "<group>"; };
		D8B78FE524E2844900E924D1 /* main.m */ = {isa = PBXFileReference; lastKnownFileType = sourcecode.c.objc; path = main.m; sourceTree = "<group>"; };
		D8B78FED24E2851400E924D1 /* NSCalendar+JSCCalendar.m */ = {isa = PBXFileReference; fileEncoding = 4; lastKnownFileType = sourcecode.c.objc; path = "NSCalendar+JSCCalendar.m"; sourceTree = "<group>"; };
		D8B78FEE24E2851400E924D1 /* NSDate+BRAdd.h */ = {isa = PBXFileReference; fileEncoding = 4; lastKnownFileType = sourcecode.c.h; path = "NSDate+BRAdd.h"; sourceTree = "<group>"; };
		D8B78FEF24E2851400E924D1 /* TimeMachineUtil.h */ = {isa = PBXFileReference; fileEncoding = 4; lastKnownFileType = sourcecode.c.h; path = TimeMachineUtil.h; sourceTree = "<group>"; };
		D8B78FF024E2851400E924D1 /* NSCalendar+JSCCalendar.h */ = {isa = PBXFileReference; fileEncoding = 4; lastKnownFileType = sourcecode.c.h; path = "NSCalendar+JSCCalendar.h"; sourceTree = "<group>"; };
		D8B78FF124E2851400E924D1 /* TimeMachineUtil.m */ = {isa = PBXFileReference; fileEncoding = 4; lastKnownFileType = sourcecode.c.objc; path = TimeMachineUtil.m; sourceTree = "<group>"; };
		D8B78FF224E2851400E924D1 /* NSDate+BRAdd.m */ = {isa = PBXFileReference; fileEncoding = 4; lastKnownFileType = sourcecode.c.objc; path = "NSDate+BRAdd.m"; sourceTree = "<group>"; };
/* End PBXFileReference section */

/* Begin PBXFrameworksBuildPhase section */
		D8B78FCD24E2844700E924D1 /* Frameworks */ = {
			isa = PBXFrameworksBuildPhase;
			buildActionMask = 2147483647;
			files = (
			);
			runOnlyForDeploymentPostprocessing = 0;
		};
/* End PBXFrameworksBuildPhase section */

/* Begin PBXGroup section */
		D8B78FC724E2844700E924D1 = {
			isa = PBXGroup;
			children = (
				D8B78FD224E2844700E924D1 /* TimeMachineUtil */,
				D8B78FD124E2844700E924D1 /* Products */,
			);
			sourceTree = "<group>";
		};
		D8B78FD124E2844700E924D1 /* Products */ = {
			isa = PBXGroup;
			children = (
				D8B78FD024E2844700E924D1 /* TimeMachineUtil.app */,
			);
			name = Products;
			sourceTree = "<group>";
		};
		D8B78FD224E2844700E924D1 /* TimeMachineUtil */ = {
			isa = PBXGroup;
			children = (
				D8B78FEC24E2851400E924D1 /* Classes */,
				D8B78FD324E2844700E924D1 /* AppDelegate.h */,
				D8B78FD424E2844700E924D1 /* AppDelegate.m */,
				D8B78FD624E2844700E924D1 /* SceneDelegate.h */,
				D8B78FD724E2844700E924D1 /* SceneDelegate.m */,
				D8B78FD924E2844700E924D1 /* ViewController.h */,
				D8B78FDA24E2844700E924D1 /* ViewController.m */,
				D8B78FDC24E2844700E924D1 /* Main.storyboard */,
				D8B78FDF24E2844900E924D1 /* Assets.xcassets */,
				D8B78FE124E2844900E924D1 /* LaunchScreen.storyboard */,
				D8B78FE424E2844900E924D1 /* Info.plist */,
				D8B78FE524E2844900E924D1 /* main.m */,
			);
			path = TimeMachineUtil;
			sourceTree = "<group>";
		};
		D8B78FEC24E2851400E924D1 /* Classes */ = {
			isa = PBXGroup;
			children = (
				D8B78FED24E2851400E924D1 /* NSCalendar+JSCCalendar.m */,
				D8B78FEE24E2851400E924D1 /* NSDate+BRAdd.h */,
				D8B78FEF24E2851400E924D1 /* TimeMachineUtil.h */,
				D8B78FF024E2851400E924D1 /* NSCalendar+JSCCalendar.h */,
				D8B78FF124E2851400E924D1 /* TimeMachineUtil.m */,
				D8B78FF224E2851400E924D1 /* NSDate+BRAdd.m */,
			);
			path = Classes;
			sourceTree = "<group>";
		};
/* End PBXGroup section */

/* Begin PBXNativeTarget section */
		D8B78FCF24E2844700E924D1 /* TimeMachineUtil */ = {
			isa = PBXNativeTarget;
			buildConfigurationList = D8B78FE924E2844900E924D1 /* Build configuration list for PBXNativeTarget "TimeMachineUtil" */;
			buildPhases = (
				D8B78FCC24E2844700E924D1 /* Sources */,
				D8B78FCD24E2844700E924D1 /* Frameworks */,
				D8B78FCE24E2844700E924D1 /* Resources */,
			);
			buildRules = (
			);
			dependencies = (
			);
			name = TimeMachineUtil;
			productName = TimeMachineUtil;
			productReference = D8B78FD024E2844700E924D1 /* TimeMachineUtil.app */;
			productType = "com.apple.product-type.application";
		};
/* End PBXNativeTarget section */

/* Begin PBXProject section */
		D8B78FC824E2844700E924D1 /* Project object */ = {
			isa = PBXProject;
			attributes = {
				LastUpgradeCheck = 1160;
				ORGANIZATIONNAME = "Cai Dong.Nimblest";
				TargetAttributes = {
					D8B78FCF24E2844700E924D1 = {
						CreatedOnToolsVersion = 11.6;
					};
				};
			};
			buildConfigurationList = D8B78FCB24E2844700E924D1 /* Build configuration list for PBXProject "TimeMachineUtil" */;
			compatibilityVersion = "Xcode 9.3";
			developmentRegion = en;
			hasScannedForEncodings = 0;
			knownRegions = (
				en,
				Base,
			);
			mainGroup = D8B78FC724E2844700E924D1;
			productRefGroup = D8B78FD124E2844700E924D1 /* Products */;
			projectDirPath = "";
			projectRoot = "";
			targets = (
				D8B78FCF24E2844700E924D1 /* TimeMachineUtil */,
			);
		};
/* End PBXProject section */

/* Begin PBXResourcesBuildPhase section */
		D8B78FCE24E2844700E924D1 /* Resources */ = {
			isa = PBXResourcesBuildPhase;
			buildActionMask = 2147483647;
			files = (
				D8B78FE324E2844900E924D1 /* LaunchScreen.storyboard in Resources */,
				D8B78FE024E2844900E924D1 /* Assets.xcassets in Resources */,
				D8B78FDE24E2844700E924D1 /* Main.storyboard in Resources */,
			);
			runOnlyForDeploymentPostprocessing = 0;
		};
/* End PBXResourcesBuildPhase section */

/* Begin PBXSourcesBuildPhase section */
		D8B78FCC24E2844700E924D1 /* Sources */ = {
			isa = PBXSourcesBuildPhase;
			buildActionMask = 2147483647;
			files = (
				D8B78FF324E2851400E924D1 /* NSCalendar+JSCCalendar.m in Sources */,
				D8B78FDB24E2844700E924D1 /* ViewController.m in Sources */,
				D8B78FF424E2851400E924D1 /* TimeMachineUtil.m in Sources */,
				D8B78FD524E2844700E924D1 /* AppDelegate.m in Sources */,
				D8B78FF524E2851400E924D1 /* NSDate+BRAdd.m in Sources */,
				D8B78FE624E2844900E924D1 /* main.m in Sources */,
				D8B78FD824E2844700E924D1 /* SceneDelegate.m in Sources */,
			);
			runOnlyForDeploymentPostprocessing = 0;
		};
/* End PBXSourcesBuildPhase section */

/* Begin PBXVariantGroup section */
		D8B78FDC24E2844700E924D1 /* Main.storyboard */ = {
			isa = PBXVariantGroup;
			children = (
				D8B78FDD24E2844700E924D1 /* Base */,
			);
			name = Main.storyboard;
			sourceTree = "<group>";
		};
		D8B78FE124E2844900E924D1 /* LaunchScreen.storyboard */ = {
			isa = PBXVariantGroup;
			children = (
				D8B78FE224E2844900E924D1 /* Base */,
			);
			name = LaunchScreen.storyboard;
			sourceTree = "<group>";
		};
/* End PBXVariantGroup section */

/* Begin XCBuildConfiguration section */
		D8B78FE724E2844900E924D1 /* Debug */ = {
			isa = XCBuildConfiguration;
			buildSettings = {
				ALWAYS_SEARCH_USER_PATHS = NO;
				CLANG_ANALYZER_NONNULL = YES;
				CLANG_ANALYZER_NUMBER_OBJECT_CONVERSION = YES_AGGRESSIVE;
				CLANG_CXX_LANGUAGE_STANDARD = "gnu++14";
				CLANG_CXX_LIBRARY = "libc++";
				CLANG_ENABLE_MODULES = YES;
				CLANG_ENABLE_OBJC_ARC = YES;
				CLANG_ENABLE_OBJC_WEAK = YES;
				CLANG_WARN_BLOCK_CAPTURE_AUTORELEASING = YES;
				CLANG_WARN_BOOL_CONVERSION = YES;
				CLANG_WARN_COMMA = YES;
				CLANG_WARN_CONSTANT_CONVERSION = YES;
				CLANG_WARN_DEPRECATED_OBJC_IMPLEMENTATIONS = YES;
				CLANG_WARN_DIRECT_OBJC_ISA_USAGE = YES_ERROR;
				CLANG_WARN_DOCUMENTATION_COMMENTS = YES;
				CLANG_WARN_EMPTY_BODY = YES;
				CLANG_WARN_ENUM_CONVERSION = YES;
				CLANG_WARN_INFINITE_RECURSION = YES;
				CLANG_WARN_INT_CONVERSION = YES;
				CLANG_WARN_NON_LITERAL_NULL_CONVERSION = YES;
				CLANG_WARN_OBJC_IMPLICIT_RETAIN_SELF = YES;
				CLANG_WARN_OBJC_LITERAL_CONVERSION = YES;
				CLANG_WARN_OBJC_ROOT_CLASS = YES_ERROR;
				CLANG_WARN_RANGE_LOOP_ANALYSIS = YES;
				CLANG_WARN_STRICT_PROTOTYPES = YES;
				CLANG_WARN_SUSPICIOUS_MOVE = YES;
				CLANG_WARN_UNGUARDED_AVAILABILITY = YES_AGGRESSIVE;
				CLANG_WARN_UNREACHABLE_CODE = YES;
				CLANG_WARN__DUPLICATE_METHOD_MATCH = YES;
				COPY_PHASE_STRIP = NO;
				DEBUG_INFORMATION_FORMAT = dwarf;
				ENABLE_STRICT_OBJC_MSGSEND = YES;
				ENABLE_TESTABILITY = YES;
				GCC_C_LANGUAGE_STANDARD = gnu11;
				GCC_DYNAMIC_NO_PIC = NO;
				GCC_NO_COMMON_BLOCKS = YES;
				GCC_OPTIMIZATION_LEVEL = 0;
				GCC_PREPROCESSOR_DEFINITIONS = (
					"DEBUG=1",
					"$(inherited)",
				);
				GCC_WARN_64_TO_32_BIT_CONVERSION = YES;
				GCC_WARN_ABOUT_RETURN_TYPE = YES_ERROR;
				GCC_WARN_UNDECLARED_SELECTOR = YES;
				GCC_WARN_UNINITIALIZED_AUTOS = YES_AGGRESSIVE;
				GCC_WARN_UNUSED_FUNCTION = YES;
				GCC_WARN_UNUSED_VARIABLE = YES;
				IPHONEOS_DEPLOYMENT_TARGET = 13.6;
				MTL_ENABLE_DEBUG_INFO = INCLUDE_SOURCE;
				MTL_FAST_MATH = YES;
				ONLY_ACTIVE_ARCH = YES;
				SDKROOT = iphoneos;
			};
			name = Debug;
		};
		D8B78FE824E2844900E924D1 /* Release */ = {
			isa = XCBuildConfiguration;
			buildSettings = {
				ALWAYS_SEARCH_USER_PATHS = NO;
				CLANG_ANALYZER_NONNULL = YES;
				CLANG_ANALYZER_NUMBER_OBJECT_CONVERSION = YES_AGGRESSIVE;
				CLANG_CXX_LANGUAGE_STANDARD = "gnu++14";
				CLANG_CXX_LIBRARY = "libc++";
				CLANG_ENABLE_MODULES = YES;
				CLANG_ENABLE_OBJC_ARC = YES;
				CLANG_ENABLE_OBJC_WEAK = YES;
				CLANG_WARN_BLOCK_CAPTURE_AUTORELEASING = YES;
				CLANG_WARN_BOOL_CONVERSION = YES;
				CLANG_WARN_COMMA = YES;
				CLANG_WARN_CONSTANT_CONVERSION = YES;
				CLANG_WARN_DEPRECATED_OBJC_IMPLEMENTATIONS = YES;
				CLANG_WARN_DIRECT_OBJC_ISA_USAGE = YES_ERROR;
				CLANG_WARN_DOCUMENTATION_COMMENTS = YES;
				CLANG_WARN_EMPTY_BODY = YES;
				CLANG_WARN_ENUM_CONVERSION = YES;
				CLANG_WARN_INFINITE_RECURSION = YES;
				CLANG_WARN_INT_CONVERSION = YES;
				CLANG_WARN_NON_LITERAL_NULL_CONVERSION = YES;
				CLANG_WARN_OBJC_IMPLICIT_RETAIN_SELF = YES;
				CLANG_WARN_OBJC_LITERAL_CONVERSION = YES;
				CLANG_WARN_OBJC_ROOT_CLASS = YES_ERROR;
				CLANG_WARN_RANGE_LOOP_ANALYSIS = YES;
				CLANG_WARN_STRICT_PROTOTYPES = YES;
				CLANG_WARN_SUSPICIOUS_MOVE = YES;
				CLANG_WARN_UNGUARDED_AVAILABILITY = YES_AGGRESSIVE;
				CLANG_WARN_UNREACHABLE_CODE = YES;
				CLANG_WARN__DUPLICATE_METHOD_MATCH = YES;
				COPY_PHASE_STRIP = NO;
				DEBUG_INFORMATION_FORMAT = "dwarf-with-dsym";
				ENABLE_NS_ASSERTIONS = NO;
				ENABLE_STRICT_OBJC_MSGSEND = YES;
				GCC_C_LANGUAGE_STANDARD = gnu11;
				GCC_NO_COMMON_BLOCKS = YES;
				GCC_WARN_64_TO_32_BIT_CONVERSION = YES;
				GCC_WARN_ABOUT_RETURN_TYPE = YES_ERROR;
				GCC_WARN_UNDECLARED_SELECTOR = YES;
				GCC_WARN_UNINITIALIZED_AUTOS = YES_AGGRESSIVE;
				GCC_WARN_UNUSED_FUNCTION = YES;
				GCC_WARN_UNUSED_VARIABLE = YES;
				IPHONEOS_DEPLOYMENT_TARGET = 13.6;
				MTL_ENABLE_DEBUG_INFO = NO;
				MTL_FAST_MATH = YES;
				SDKROOT = iphoneos;
				VALIDATE_PRODUCT = YES;
			};
			name = Release;
		};
		D8B78FEA24E2844900E924D1 /* Debug */ = {
			isa = XCBuildConfiguration;
			buildSettings = {
				ASSETCATALOG_COMPILER_APPICON_NAME = AppIcon;
				CODE_SIGN_STYLE = Automatic;
				DEVELOPMENT_TEAM = JP2GCT66F2;
				INFOPLIST_FILE = TimeMachineUtil/Info.plist;
				LD_RUNPATH_SEARCH_PATHS = (
					"$(inherited)",
					"@executable_path/Frameworks",
				);
				PRODUCT_BUNDLE_IDENTIFIER = com.yogofun.TimeMachineUtil;
				PRODUCT_NAME = "$(TARGET_NAME)";
				TARGETED_DEVICE_FAMILY = "1,2";
			};
			name = Debug;
		};
		D8B78FEB24E2844900E924D1 /* Release */ = {
			isa = XCBuildConfiguration;
			buildSettings = {
				ASSETCATALOG_COMPILER_APPICON_NAME = AppIcon;
				CODE_SIGN_STYLE = Automatic;
				DEVELOPMENT_TEAM = JP2GCT66F2;
				INFOPLIST_FILE = TimeMachineUtil/Info.plist;
				LD_RUNPATH_SEARCH_PATHS = (
					"$(inherited)",
					"@executable_path/Frameworks",
				);
				PRODUCT_BUNDLE_IDENTIFIER = com.yogofun.TimeMachineUtil;
				PRODUCT_NAME = "$(TARGET_NAME)";
				TARGETED_DEVICE_FAMILY = "1,2";
			};
			name = Release;
		};
/* End XCBuildConfiguration section */

/* Begin XCConfigurationList section */
		D8B78FCB24E2844700E924D1 /* Build configuration list for PBXProject "TimeMachineUtil" */ = {
			isa = XCConfigurationList;
			buildConfigurations = (
				D8B78FE724E2844900E924D1 /* Debug */,
				D8B78FE824E2844900E924D1 /* Release */,
			);
			defaultConfigurationIsVisible = 0;
			defaultConfigurationName = Release;
		};
		D8B78FE924E2844900E924D1 /* Build configuration list for PBXNativeTarget "TimeMachineUtil" */ = {
			isa = XCConfigurationList;
			buildConfigurations = (
				D8B78FEA24E2844900E924D1 /* Debug */,
				D8B78FEB24E2844900E924D1 /* Release */,
			);
			defaultConfigurationIsVisible = 0;
			defaultConfigurationName = Release;
		};
/* End XCConfigurationList section */
	};
	rootObject = D8B78FC824E2844700E924D1 /* Project object */;
}
